
Microsoft Visual Studio Solution File, Format Version 12.00
# Visual Studio Version 16
VisualStudioVersion = 16.0.30611.23
MinimumVisualStudioVersion = 10.0.40219.1
Project("{FAE04EC0-301F-11D3-BF4B-00C04F79EFBC}") = "ExerciciLinq_FaseIII", "ExerciciLinq_FaseIII\ExerciciLinq_FaseIII.csproj", "{04E44D79-3539-4DA3-A95E-38F8BFF33FE8}"
EndProject
Global
	GlobalSection(SolutionConfigurationPlatforms) = preSolution
		Debug|Any CPU = Debug|Any CPU
		Release|Any CPU = Release|Any CPU
	EndGlobalSection
	GlobalSection(ProjectConfigurationPlatforms) = postSolution
		{04E44D79-3539-4DA3-A95E-38F8BFF33FE8}.Debug|Any CPU.ActiveCfg = Debug|Any CPU
		{04E44D79-3539-4DA3-A95E-38F8BFF33FE8}.Debug|Any CPU.Build.0 = Debug|Any CPU
		{04E44D79-3539-4DA3-A95E-38F8BFF33FE8}.Release|Any CPU.ActiveCfg = Release|Any CPU
		{04E44D79-3539-4DA3-A95E-38F8BFF33FE8}.Release|Any CPU.Build.0 = Release|Any CPU
	EndGlobalSection
	GlobalSection(SolutionProperties) = preSolution
		HideSolutionNode = FALSE
	EndGlobalSection
	GlobalSection(ExtensibilityGlobals) = postSolution
		SolutionGuid = {C9048D63-EE69-4D91-930D-B0396446AE34}
	EndGlobalSection
EndGlobal
